
Microsoft Visual Studio Solution File, Format Version 12.00
# Visual Studio Version 17
VisualStudioVersion = 17.8.34525.116
MinimumVisualStudioVersion = 10.0.40219.1
Project("{FAE04EC0-301F-11D3-BF4B-00C04F79EFBC}") = "QuadraticEquationSolver", "QuadraticEquationSolver.csproj", "{547CDE90-AB48-4F38-9307-2260C636C460}"
EndProject
Global
	GlobalSection(SolutionConfigurationPlatforms) = preSolution
		Debug|Any CPU = Debug|Any CPU
		Release|Any CPU = Release|Any CPU
	EndGlobalSection
	GlobalSection(ProjectConfigurationPlatforms) = postSolution
		{547CDE90-AB48-4F38-9307-2260C636C460}.Debug|Any CPU.ActiveCfg = Debug|Any CPU
		{547CDE90-AB48-4F38-9307-2260C636C460}.Debug|Any CPU.Build.0 = Debug|Any CPU
		{547CDE90-AB48-4F38-9307-2260C636C460}.Release|Any CPU.ActiveCfg = Release|Any CPU
		{547CDE90-AB48-4F38-9307-2260C636C460}.Release|Any CPU.Build.0 = Release|Any CPU
	EndGlobalSection
	GlobalSection(SolutionProperties) = preSolution
		HideSolutionNode = FALSE
	EndGlobalSection
	GlobalSection(ExtensibilityGlobals) = postSolution
		SolutionGuid = {8555C9B4-54FC-4D58-B332-F966AD8BD7D4}
	EndGlobalSection
EndGlobal
