
Microsoft Visual Studio Solution File, Format Version 12.00
# Visual Studio Version 17
VisualStudioVersion = 17.2.32616.157
MinimumVisualStudioVersion = 10.0.40219.1
Project("{FAE04EC0-301F-11D3-BF4B-00C04F79EFBC}") = "Gracheva_12", "Gracheva_12.csproj", "{33A6EE32-0F3B-4AA5-B741-F26CD75AFD6F}"
EndProject
Global
	GlobalSection(SolutionConfigurationPlatforms) = preSolution
		Debug|Any CPU = Debug|Any CPU
		Release|Any CPU = Release|Any CPU
	EndGlobalSection
	GlobalSection(ProjectConfigurationPlatforms) = postSolution
		{33A6EE32-0F3B-4AA5-B741-F26CD75AFD6F}.Debug|Any CPU.ActiveCfg = Debug|Any CPU
		{33A6EE32-0F3B-4AA5-B741-F26CD75AFD6F}.Debug|Any CPU.Build.0 = Debug|Any CPU
		{33A6EE32-0F3B-4AA5-B741-F26CD75AFD6F}.Release|Any CPU.ActiveCfg = Release|Any CPU
		{33A6EE32-0F3B-4AA5-B741-F26CD75AFD6F}.Release|Any CPU.Build.0 = Release|Any CPU
	EndGlobalSection
	GlobalSection(SolutionProperties) = preSolution
		HideSolutionNode = FALSE
	EndGlobalSection
	GlobalSection(ExtensibilityGlobals) = postSolution
		SolutionGuid = {E20CA525-DDCE-48EC-870E-8B1DD06C59C3}
	EndGlobalSection
EndGlobal
